
Microsoft Visual Studio Solution File, Format Version 12.00
Project("{FAE04EC0-301F-11D3-BF4B-00C04F79EFBC}") = "Day1", "Day1\Day1.csproj", "{588CFCE4-71A2-4C9C-A1F4-D2B74C16C898}"
EndProject
Project("{FAE04EC0-301F-11D3-BF4B-00C04F79EFBC}") = "Day2", "Day2\Day2.csproj", "{7AE6B917-FCD8-4C03-805B-A0FA18F2EF2B}"
EndProject
Project("{FAE04EC0-301F-11D3-BF4B-00C04F79EFBC}") = "Day3", "Day3\Day3.csproj", "{FEE716C4-8491-4E2A-BCAD-42C5FB6C5CAF}"
EndProject
Project("{FAE04EC0-301F-11D3-BF4B-00C04F79EFBC}") = "Day4", "Day4\Day4.csproj", "{6A96119A-FC14-497D-A3F6-23EC2E5EA045}"
EndProject
Project("{FAE04EC0-301F-11D3-BF4B-00C04F79EFBC}") = "Day5", "Day5\Day5.csproj", "{EF72EC2E-7489-4A0F-ACA8-1F41B34468AE}"
EndProject
Global
	GlobalSection(SolutionConfigurationPlatforms) = preSolution
		Debug|Any CPU = Debug|Any CPU
		Release|Any CPU = Release|Any CPU
	EndGlobalSection
	GlobalSection(ProjectConfigurationPlatforms) = postSolution
		{588CFCE4-71A2-4C9C-A1F4-D2B74C16C898}.Debug|Any CPU.ActiveCfg = Debug|Any CPU
		{588CFCE4-71A2-4C9C-A1F4-D2B74C16C898}.Debug|Any CPU.Build.0 = Debug|Any CPU
		{588CFCE4-71A2-4C9C-A1F4-D2B74C16C898}.Release|Any CPU.ActiveCfg = Release|Any CPU
		{588CFCE4-71A2-4C9C-A1F4-D2B74C16C898}.Release|Any CPU.Build.0 = Release|Any CPU
		{7AE6B917-FCD8-4C03-805B-A0FA18F2EF2B}.Debug|Any CPU.ActiveCfg = Debug|Any CPU
		{7AE6B917-FCD8-4C03-805B-A0FA18F2EF2B}.Debug|Any CPU.Build.0 = Debug|Any CPU
		{7AE6B917-FCD8-4C03-805B-A0FA18F2EF2B}.Release|Any CPU.ActiveCfg = Release|Any CPU
		{7AE6B917-FCD8-4C03-805B-A0FA18F2EF2B}.Release|Any CPU.Build.0 = Release|Any CPU
		{FEE716C4-8491-4E2A-BCAD-42C5FB6C5CAF}.Debug|Any CPU.ActiveCfg = Debug|Any CPU
		{FEE716C4-8491-4E2A-BCAD-42C5FB6C5CAF}.Debug|Any CPU.Build.0 = Debug|Any CPU
		{FEE716C4-8491-4E2A-BCAD-42C5FB6C5CAF}.Release|Any CPU.ActiveCfg = Release|Any CPU
		{FEE716C4-8491-4E2A-BCAD-42C5FB6C5CAF}.Release|Any CPU.Build.0 = Release|Any CPU
		{6A96119A-FC14-497D-A3F6-23EC2E5EA045}.Debug|Any CPU.ActiveCfg = Debug|Any CPU
		{6A96119A-FC14-497D-A3F6-23EC2E5EA045}.Debug|Any CPU.Build.0 = Debug|Any CPU
		{6A96119A-FC14-497D-A3F6-23EC2E5EA045}.Release|Any CPU.ActiveCfg = Release|Any CPU
		{6A96119A-FC14-497D-A3F6-23EC2E5EA045}.Release|Any CPU.Build.0 = Release|Any CPU
		{EF72EC2E-7489-4A0F-ACA8-1F41B34468AE}.Debug|Any CPU.ActiveCfg = Debug|Any CPU
		{EF72EC2E-7489-4A0F-ACA8-1F41B34468AE}.Debug|Any CPU.Build.0 = Debug|Any CPU
		{EF72EC2E-7489-4A0F-ACA8-1F41B34468AE}.Release|Any CPU.ActiveCfg = Release|Any CPU
		{EF72EC2E-7489-4A0F-ACA8-1F41B34468AE}.Release|Any CPU.Build.0 = Release|Any CPU
	EndGlobalSection
EndGlobal
