
Microsoft Visual Studio Solution File, Format Version 12.00
Project("{FAE04EC0-301F-11D3-BF4B-00C04F79EFBC}") = "Day1", "Day1\Day1.csproj", "{588CFCE4-71A2-4C9C-A1F4-D2B74C16C898}"
EndProject
Project("{FAE04EC0-301F-11D3-BF4B-00C04F79EFBC}") = "Day2", "Day2\Day2.csproj", "{7AE6B917-FCD8-4C03-805B-A0FA18F2EF2B}"
EndProject
Project("{FAE04EC0-301F-11D3-BF4B-00C04F79EFBC}") = "Day3", "Day3\Day3.csproj", "{FEE716C4-8491-4E2A-BCAD-42C5FB6C5CAF}"
EndProject
Project("{FAE04EC0-301F-11D3-BF4B-00C04F79EFBC}") = "Day4", "Day4\Day4.csproj", "{6A96119A-FC14-497D-A3F6-23EC2E5EA045}"
EndProject
Project("{FAE04EC0-301F-11D3-BF4B-00C04F79EFBC}") = "Day5", "Day5\Day5.csproj", "{EF72EC2E-7489-4A0F-ACA8-1F41B34468AE}"
EndProject
Project("{FAE04EC0-301F-11D3-BF4B-00C04F79EFBC}") = "Day6", "Day6\Day6.csproj", "{D9E60AEF-57F7-4D48-AE79-6FC37B0BB50F}"
EndProject
Project("{FAE04EC0-301F-11D3-BF4B-00C04F79EFBC}") = "Day7", "Day7\Day7.csproj", "{F75D3218-D334-4376-A859-08DA983B6515}"
EndProject
Project("{FAE04EC0-301F-11D3-BF4B-00C04F79EFBC}") = "Day8", "Day8\Day8.csproj", "{99CC4614-3147-4222-9783-073ABF497240}"
EndProject
Project("{FAE04EC0-301F-11D3-BF4B-00C04F79EFBC}") = "Day9", "Day9\Day9.csproj", "{55CAB6C5-9683-45B8-8FA6-9B4F1871C3FC}"
EndProject
Project("{FAE04EC0-301F-11D3-BF4B-00C04F79EFBC}") = "Day10", "Day10\Day10.csproj", "{3F369AED-E3F3-43E0-AABA-FFE373148556}"
EndProject
Project("{FAE04EC0-301F-11D3-BF4B-00C04F79EFBC}") = "Day11", "Day11\Day11.csproj", "{0B4C4610-B330-421C-8782-10A25B2DCF4F}"
EndProject
Project("{FAE04EC0-301F-11D3-BF4B-00C04F79EFBC}") = "Day12", "Day12\Day12.csproj", "{546ADFD9-2190-4448-96B6-31F373EBA292}"
EndProject
Project("{FAE04EC0-301F-11D3-BF4B-00C04F79EFBC}") = "Day13", "Day13\Day13.csproj", "{A0B173C1-3A0A-45D1-BE69-29AC58A58356}"
EndProject
Project("{FAE04EC0-301F-11D3-BF4B-00C04F79EFBC}") = "Day14", "Day14\Day14.csproj", "{A293C581-BA8C-4A28-97B1-0A817C9EE339}"
EndProject
Project("{FAE04EC0-301F-11D3-BF4B-00C04F79EFBC}") = "Day15", "Day15\Day15.csproj", "{B93E0B57-A3A5-44BC-BEFB-251182C05268}"
EndProject
Project("{FAE04EC0-301F-11D3-BF4B-00C04F79EFBC}") = "Day16", "Day16\Day16.csproj", "{2B6F3AB0-D853-48F9-A78A-2557F33A1979}"
EndProject
Project("{FAE04EC0-301F-11D3-BF4B-00C04F79EFBC}") = "Day17", "Day17\Day17.csproj", "{0AE738D1-F962-4142-920C-2A15CCBEB4BE}"
EndProject
Project("{FAE04EC0-301F-11D3-BF4B-00C04F79EFBC}") = "Day18", "Day18\Day18.csproj", "{81C48D39-3B6B-403E-8164-913F2E1A87B4}"
EndProject
Project("{FAE04EC0-301F-11D3-BF4B-00C04F79EFBC}") = "Day19", "Day19\Day19.csproj", "{3BE60543-39D5-4C28-89B0-F4AE2DE4E361}"
EndProject
Project("{FAE04EC0-301F-11D3-BF4B-00C04F79EFBC}") = "Day20", "Day20\Day20.csproj", "{9C1AC430-E925-4762-9BCE-64E832A55BF4}"
EndProject
Project("{FAE04EC0-301F-11D3-BF4B-00C04F79EFBC}") = "Day21", "Day21\Day21.csproj", "{26C11E89-9C25-4D8F-BC37-EF1A2BC262A0}"
EndProject
Project("{FAE04EC0-301F-11D3-BF4B-00C04F79EFBC}") = "Day22", "Day22\Day22.csproj", "{47212BE7-8AF0-4A41-973B-1DFFAF1AF071}"
EndProject
Global
	GlobalSection(SolutionConfigurationPlatforms) = preSolution
		Debug|Any CPU = Debug|Any CPU
		Release|Any CPU = Release|Any CPU
	EndGlobalSection
	GlobalSection(ProjectConfigurationPlatforms) = postSolution
		{588CFCE4-71A2-4C9C-A1F4-D2B74C16C898}.Debug|Any CPU.ActiveCfg = Debug|Any CPU
		{588CFCE4-71A2-4C9C-A1F4-D2B74C16C898}.Debug|Any CPU.Build.0 = Debug|Any CPU
		{588CFCE4-71A2-4C9C-A1F4-D2B74C16C898}.Release|Any CPU.ActiveCfg = Release|Any CPU
		{588CFCE4-71A2-4C9C-A1F4-D2B74C16C898}.Release|Any CPU.Build.0 = Release|Any CPU
		{7AE6B917-FCD8-4C03-805B-A0FA18F2EF2B}.Debug|Any CPU.ActiveCfg = Debug|Any CPU
		{7AE6B917-FCD8-4C03-805B-A0FA18F2EF2B}.Debug|Any CPU.Build.0 = Debug|Any CPU
		{7AE6B917-FCD8-4C03-805B-A0FA18F2EF2B}.Release|Any CPU.ActiveCfg = Release|Any CPU
		{7AE6B917-FCD8-4C03-805B-A0FA18F2EF2B}.Release|Any CPU.Build.0 = Release|Any CPU
		{FEE716C4-8491-4E2A-BCAD-42C5FB6C5CAF}.Debug|Any CPU.ActiveCfg = Debug|Any CPU
		{FEE716C4-8491-4E2A-BCAD-42C5FB6C5CAF}.Debug|Any CPU.Build.0 = Debug|Any CPU
		{FEE716C4-8491-4E2A-BCAD-42C5FB6C5CAF}.Release|Any CPU.ActiveCfg = Release|Any CPU
		{FEE716C4-8491-4E2A-BCAD-42C5FB6C5CAF}.Release|Any CPU.Build.0 = Release|Any CPU
		{6A96119A-FC14-497D-A3F6-23EC2E5EA045}.Debug|Any CPU.ActiveCfg = Debug|Any CPU
		{6A96119A-FC14-497D-A3F6-23EC2E5EA045}.Debug|Any CPU.Build.0 = Debug|Any CPU
		{6A96119A-FC14-497D-A3F6-23EC2E5EA045}.Release|Any CPU.ActiveCfg = Release|Any CPU
		{6A96119A-FC14-497D-A3F6-23EC2E5EA045}.Release|Any CPU.Build.0 = Release|Any CPU
		{EF72EC2E-7489-4A0F-ACA8-1F41B34468AE}.Debug|Any CPU.ActiveCfg = Debug|Any CPU
		{EF72EC2E-7489-4A0F-ACA8-1F41B34468AE}.Debug|Any CPU.Build.0 = Debug|Any CPU
		{EF72EC2E-7489-4A0F-ACA8-1F41B34468AE}.Release|Any CPU.ActiveCfg = Release|Any CPU
		{EF72EC2E-7489-4A0F-ACA8-1F41B34468AE}.Release|Any CPU.Build.0 = Release|Any CPU
		{D9E60AEF-57F7-4D48-AE79-6FC37B0BB50F}.Debug|Any CPU.ActiveCfg = Debug|Any CPU
		{D9E60AEF-57F7-4D48-AE79-6FC37B0BB50F}.Debug|Any CPU.Build.0 = Debug|Any CPU
		{D9E60AEF-57F7-4D48-AE79-6FC37B0BB50F}.Release|Any CPU.ActiveCfg = Release|Any CPU
		{D9E60AEF-57F7-4D48-AE79-6FC37B0BB50F}.Release|Any CPU.Build.0 = Release|Any CPU
		{F75D3218-D334-4376-A859-08DA983B6515}.Debug|Any CPU.ActiveCfg = Debug|Any CPU
		{F75D3218-D334-4376-A859-08DA983B6515}.Debug|Any CPU.Build.0 = Debug|Any CPU
		{F75D3218-D334-4376-A859-08DA983B6515}.Release|Any CPU.ActiveCfg = Release|Any CPU
		{F75D3218-D334-4376-A859-08DA983B6515}.Release|Any CPU.Build.0 = Release|Any CPU
		{99CC4614-3147-4222-9783-073ABF497240}.Debug|Any CPU.ActiveCfg = Debug|Any CPU
		{99CC4614-3147-4222-9783-073ABF497240}.Debug|Any CPU.Build.0 = Debug|Any CPU
		{99CC4614-3147-4222-9783-073ABF497240}.Release|Any CPU.ActiveCfg = Release|Any CPU
		{99CC4614-3147-4222-9783-073ABF497240}.Release|Any CPU.Build.0 = Release|Any CPU
		{55CAB6C5-9683-45B8-8FA6-9B4F1871C3FC}.Debug|Any CPU.ActiveCfg = Debug|Any CPU
		{55CAB6C5-9683-45B8-8FA6-9B4F1871C3FC}.Debug|Any CPU.Build.0 = Debug|Any CPU
		{55CAB6C5-9683-45B8-8FA6-9B4F1871C3FC}.Release|Any CPU.ActiveCfg = Release|Any CPU
		{55CAB6C5-9683-45B8-8FA6-9B4F1871C3FC}.Release|Any CPU.Build.0 = Release|Any CPU
		{3F369AED-E3F3-43E0-AABA-FFE373148556}.Debug|Any CPU.ActiveCfg = Debug|Any CPU
		{3F369AED-E3F3-43E0-AABA-FFE373148556}.Debug|Any CPU.Build.0 = Debug|Any CPU
		{3F369AED-E3F3-43E0-AABA-FFE373148556}.Release|Any CPU.ActiveCfg = Release|Any CPU
		{3F369AED-E3F3-43E0-AABA-FFE373148556}.Release|Any CPU.Build.0 = Release|Any CPU
		{0B4C4610-B330-421C-8782-10A25B2DCF4F}.Debug|Any CPU.ActiveCfg = Debug|Any CPU
		{0B4C4610-B330-421C-8782-10A25B2DCF4F}.Debug|Any CPU.Build.0 = Debug|Any CPU
		{0B4C4610-B330-421C-8782-10A25B2DCF4F}.Release|Any CPU.ActiveCfg = Release|Any CPU
		{0B4C4610-B330-421C-8782-10A25B2DCF4F}.Release|Any CPU.Build.0 = Release|Any CPU
		{546ADFD9-2190-4448-96B6-31F373EBA292}.Debug|Any CPU.ActiveCfg = Debug|Any CPU
		{546ADFD9-2190-4448-96B6-31F373EBA292}.Debug|Any CPU.Build.0 = Debug|Any CPU
		{546ADFD9-2190-4448-96B6-31F373EBA292}.Release|Any CPU.ActiveCfg = Release|Any CPU
		{546ADFD9-2190-4448-96B6-31F373EBA292}.Release|Any CPU.Build.0 = Release|Any CPU
		{A0B173C1-3A0A-45D1-BE69-29AC58A58356}.Debug|Any CPU.ActiveCfg = Debug|Any CPU
		{A0B173C1-3A0A-45D1-BE69-29AC58A58356}.Debug|Any CPU.Build.0 = Debug|Any CPU
		{A0B173C1-3A0A-45D1-BE69-29AC58A58356}.Release|Any CPU.ActiveCfg = Release|Any CPU
		{A0B173C1-3A0A-45D1-BE69-29AC58A58356}.Release|Any CPU.Build.0 = Release|Any CPU
		{A293C581-BA8C-4A28-97B1-0A817C9EE339}.Debug|Any CPU.ActiveCfg = Debug|Any CPU
		{A293C581-BA8C-4A28-97B1-0A817C9EE339}.Debug|Any CPU.Build.0 = Debug|Any CPU
		{A293C581-BA8C-4A28-97B1-0A817C9EE339}.Release|Any CPU.ActiveCfg = Release|Any CPU
		{A293C581-BA8C-4A28-97B1-0A817C9EE339}.Release|Any CPU.Build.0 = Release|Any CPU
		{B93E0B57-A3A5-44BC-BEFB-251182C05268}.Debug|Any CPU.ActiveCfg = Debug|Any CPU
		{B93E0B57-A3A5-44BC-BEFB-251182C05268}.Debug|Any CPU.Build.0 = Debug|Any CPU
		{B93E0B57-A3A5-44BC-BEFB-251182C05268}.Release|Any CPU.ActiveCfg = Release|Any CPU
		{B93E0B57-A3A5-44BC-BEFB-251182C05268}.Release|Any CPU.Build.0 = Release|Any CPU
		{2B6F3AB0-D853-48F9-A78A-2557F33A1979}.Debug|Any CPU.ActiveCfg = Debug|Any CPU
		{2B6F3AB0-D853-48F9-A78A-2557F33A1979}.Debug|Any CPU.Build.0 = Debug|Any CPU
		{2B6F3AB0-D853-48F9-A78A-2557F33A1979}.Release|Any CPU.ActiveCfg = Release|Any CPU
		{2B6F3AB0-D853-48F9-A78A-2557F33A1979}.Release|Any CPU.Build.0 = Release|Any CPU
		{0AE738D1-F962-4142-920C-2A15CCBEB4BE}.Debug|Any CPU.ActiveCfg = Debug|Any CPU
		{0AE738D1-F962-4142-920C-2A15CCBEB4BE}.Debug|Any CPU.Build.0 = Debug|Any CPU
		{0AE738D1-F962-4142-920C-2A15CCBEB4BE}.Release|Any CPU.ActiveCfg = Release|Any CPU
		{0AE738D1-F962-4142-920C-2A15CCBEB4BE}.Release|Any CPU.Build.0 = Release|Any CPU
		{81C48D39-3B6B-403E-8164-913F2E1A87B4}.Debug|Any CPU.ActiveCfg = Debug|Any CPU
		{81C48D39-3B6B-403E-8164-913F2E1A87B4}.Debug|Any CPU.Build.0 = Debug|Any CPU
		{81C48D39-3B6B-403E-8164-913F2E1A87B4}.Release|Any CPU.ActiveCfg = Release|Any CPU
		{81C48D39-3B6B-403E-8164-913F2E1A87B4}.Release|Any CPU.Build.0 = Release|Any CPU
		{3BE60543-39D5-4C28-89B0-F4AE2DE4E361}.Debug|Any CPU.ActiveCfg = Debug|Any CPU
		{3BE60543-39D5-4C28-89B0-F4AE2DE4E361}.Debug|Any CPU.Build.0 = Debug|Any CPU
		{3BE60543-39D5-4C28-89B0-F4AE2DE4E361}.Release|Any CPU.ActiveCfg = Release|Any CPU
		{3BE60543-39D5-4C28-89B0-F4AE2DE4E361}.Release|Any CPU.Build.0 = Release|Any CPU
		{9C1AC430-E925-4762-9BCE-64E832A55BF4}.Debug|Any CPU.ActiveCfg = Debug|Any CPU
		{9C1AC430-E925-4762-9BCE-64E832A55BF4}.Debug|Any CPU.Build.0 = Debug|Any CPU
		{9C1AC430-E925-4762-9BCE-64E832A55BF4}.Release|Any CPU.ActiveCfg = Release|Any CPU
		{9C1AC430-E925-4762-9BCE-64E832A55BF4}.Release|Any CPU.Build.0 = Release|Any CPU
		{26C11E89-9C25-4D8F-BC37-EF1A2BC262A0}.Debug|Any CPU.ActiveCfg = Debug|Any CPU
		{26C11E89-9C25-4D8F-BC37-EF1A2BC262A0}.Debug|Any CPU.Build.0 = Debug|Any CPU
		{26C11E89-9C25-4D8F-BC37-EF1A2BC262A0}.Release|Any CPU.ActiveCfg = Release|Any CPU
		{26C11E89-9C25-4D8F-BC37-EF1A2BC262A0}.Release|Any CPU.Build.0 = Release|Any CPU
		{47212BE7-8AF0-4A41-973B-1DFFAF1AF071}.Debug|Any CPU.ActiveCfg = Debug|Any CPU
		{47212BE7-8AF0-4A41-973B-1DFFAF1AF071}.Debug|Any CPU.Build.0 = Debug|Any CPU
		{47212BE7-8AF0-4A41-973B-1DFFAF1AF071}.Release|Any CPU.ActiveCfg = Release|Any CPU
		{47212BE7-8AF0-4A41-973B-1DFFAF1AF071}.Release|Any CPU.Build.0 = Release|Any CPU
	EndGlobalSection
EndGlobal
